{
  "name": "helpers",
  "version": "1.0.7",
  "lockfileVersion": 1,
  "requires": true,
  "dependencies": {
    "on-window-resize": {
      "version": "1.0.1",
      "resolved": "https://registry.npmjs.org/on-window-resize/-/on-window-resize-1.0.1.tgz",
      "integrity": "sha512-5GLxSmaxTszhdpyrZOceNR1rBMwZyJgqUaVlrbZhZ8AfZNiXAf4Ni8KOk1CWBWz2CHG+XiOhu1OWraQEtM5bGw=="
    }
  }
}
